
Microsoft Visual Studio Solution File, Format Version 12.00
# Visual Studio 15
VisualStudioVersion = 15.0.28307.421
MinimumVisualStudioVersion = 10.0.40219.1
Project("{FAE04EC0-301F-11D3-BF4B-00C04F79EFBC}") = "lecture_8_skeleton", "lecture_8_skeleton\lecture_8_skeleton.csproj", "{8C441593-7E7A-4D81-B255-959A6EAEACAB}"
EndProject
Global
	GlobalSection(SolutionConfigurationPlatforms) = preSolution
		Debug|Any CPU = Debug|Any CPU
		Release|Any CPU = Release|Any CPU
	EndGlobalSection
	GlobalSection(ProjectConfigurationPlatforms) = postSolution
		{8C441593-7E7A-4D81-B255-959A6EAEACAB}.Debug|Any CPU.ActiveCfg = Debug|Any CPU
		{8C441593-7E7A-4D81-B255-959A6EAEACAB}.Debug|Any CPU.Build.0 = Debug|Any CPU
		{8C441593-7E7A-4D81-B255-959A6EAEACAB}.Release|Any CPU.ActiveCfg = Release|Any CPU
		{8C441593-7E7A-4D81-B255-959A6EAEACAB}.Release|Any CPU.Build.0 = Release|Any CPU
	EndGlobalSection
	GlobalSection(SolutionProperties) = preSolution
		HideSolutionNode = FALSE
	EndGlobalSection
	GlobalSection(ExtensibilityGlobals) = postSolution
		SolutionGuid = {09167256-6FD2-403D-AE2F-6E9F060F3CEF}
	EndGlobalSection
EndGlobal
