
Microsoft Visual Studio Solution File, Format Version 12.00
# Visual Studio 15
VisualStudioVersion = 15.0.28307.421
MinimumVisualStudioVersion = 10.0.40219.1
Project("{FAE04EC0-301F-11D3-BF4B-00C04F79EFBC}") = "Lecture5_GUI_save_image", "Lecture5_GUI_save_image\Lecture5_GUI_save_image.csproj", "{36DB9D22-3E8B-413A-AF56-663FAC0119FF}"
EndProject
Global
	GlobalSection(SolutionConfigurationPlatforms) = preSolution
		Debug|Any CPU = Debug|Any CPU
		Release|Any CPU = Release|Any CPU
	EndGlobalSection
	GlobalSection(ProjectConfigurationPlatforms) = postSolution
		{36DB9D22-3E8B-413A-AF56-663FAC0119FF}.Debug|Any CPU.ActiveCfg = Debug|Any CPU
		{36DB9D22-3E8B-413A-AF56-663FAC0119FF}.Debug|Any CPU.Build.0 = Debug|Any CPU
		{36DB9D22-3E8B-413A-AF56-663FAC0119FF}.Release|Any CPU.ActiveCfg = Release|Any CPU
		{36DB9D22-3E8B-413A-AF56-663FAC0119FF}.Release|Any CPU.Build.0 = Release|Any CPU
	EndGlobalSection
	GlobalSection(SolutionProperties) = preSolution
		HideSolutionNode = FALSE
	EndGlobalSection
	GlobalSection(ExtensibilityGlobals) = postSolution
		SolutionGuid = {286C105A-004B-4B15-B8AB-2866831D0B97}
	EndGlobalSection
EndGlobal
