
Microsoft Visual Studio Solution File, Format Version 12.00
# Visual Studio 15
VisualStudioVersion = 15.0.28307.421
MinimumVisualStudioVersion = 10.0.40219.1
Project("{FAE04EC0-301F-11D3-BF4B-00C04F79EFBC}") = "lecture_11_rule_based", "lecture_11_rule_based\lecture_11_rule_based.csproj", "{6AF7605B-9D71-47FC-9E05-E7AE7EAA29E2}"
EndProject
Global
	GlobalSection(SolutionConfigurationPlatforms) = preSolution
		Debug|Any CPU = Debug|Any CPU
		Release|Any CPU = Release|Any CPU
	EndGlobalSection
	GlobalSection(ProjectConfigurationPlatforms) = postSolution
		{6AF7605B-9D71-47FC-9E05-E7AE7EAA29E2}.Debug|Any CPU.ActiveCfg = Debug|Any CPU
		{6AF7605B-9D71-47FC-9E05-E7AE7EAA29E2}.Debug|Any CPU.Build.0 = Debug|Any CPU
		{6AF7605B-9D71-47FC-9E05-E7AE7EAA29E2}.Release|Any CPU.ActiveCfg = Release|Any CPU
		{6AF7605B-9D71-47FC-9E05-E7AE7EAA29E2}.Release|Any CPU.Build.0 = Release|Any CPU
	EndGlobalSection
	GlobalSection(SolutionProperties) = preSolution
		HideSolutionNode = FALSE
	EndGlobalSection
	GlobalSection(ExtensibilityGlobals) = postSolution
		SolutionGuid = {F497F6FF-6920-4A82-87AB-C6B0418CE792}
	EndGlobalSection
EndGlobal
