
Microsoft Visual Studio Solution File, Format Version 12.00
# Visual Studio 15
VisualStudioVersion = 15.0.28307.421
MinimumVisualStudioVersion = 10.0.40219.1
Project("{FAE04EC0-301F-11D3-BF4B-00C04F79EFBC}") = "lecture_7_1_skeleton", "lecture_7_1_skeleton\lecture_7_1_skeleton.csproj", "{8CF7DC0A-DCCD-4F76-A949-865E8C3042E7}"
EndProject
Global
	GlobalSection(SolutionConfigurationPlatforms) = preSolution
		Debug|Any CPU = Debug|Any CPU
		Release|Any CPU = Release|Any CPU
	EndGlobalSection
	GlobalSection(ProjectConfigurationPlatforms) = postSolution
		{8CF7DC0A-DCCD-4F76-A949-865E8C3042E7}.Debug|Any CPU.ActiveCfg = Debug|Any CPU
		{8CF7DC0A-DCCD-4F76-A949-865E8C3042E7}.Debug|Any CPU.Build.0 = Debug|Any CPU
		{8CF7DC0A-DCCD-4F76-A949-865E8C3042E7}.Release|Any CPU.ActiveCfg = Release|Any CPU
		{8CF7DC0A-DCCD-4F76-A949-865E8C3042E7}.Release|Any CPU.Build.0 = Release|Any CPU
	EndGlobalSection
	GlobalSection(SolutionProperties) = preSolution
		HideSolutionNode = FALSE
	EndGlobalSection
	GlobalSection(ExtensibilityGlobals) = postSolution
		SolutionGuid = {B91A26A2-3B0F-413A-A8B0-FE2A4288C93D}
	EndGlobalSection
EndGlobal
